// !$*UTF8*$!
{
	archiveVersion = 1;
	classes = {
	};
	objectVersion = 56;
	objects = {

/* Begin PBXBuildFile section */
		8B2825B0298782BA00A6FAEF /* CollisionDetect.swift in Sources */ = {isa = PBXBuildFile; fileRef = 8B2825AF298782BA00A6FAEF /* CollisionDetect.swift */; };
		8B2825B32987C18700A6FAEF /* FruitState.swift in Sources */ = {isa = PBXBuildFile; fileRef = 8B2825B22987C18700A6FAEF /* FruitState.swift */; };
		8B3EB8DD298A642C0072257E /* FlappyBirdAssets.xcassets in Resources */ = {isa = PBXBuildFile; fileRef = 8B3EB8DC298A642C0072257E /* FlappyBirdAssets.xcassets */; };
		8B3EB8DF298A66840072257E /* FlappyBirdScene.swift in Sources */ = {isa = PBXBuildFile; fileRef = 8B3EB8DE298A66840072257E /* FlappyBirdScene.swift */; };
		8B3EB8E1298A66BA0072257E /* FlappyBirdScene.sks in Resources */ = {isa = PBXBuildFile; fileRef = 8B3EB8E0298A66BA0072257E /* FlappyBirdScene.sks */; };
		8B3EB8E3298A70080072257E /* FlappyBirdState.swift in Sources */ = {isa = PBXBuildFile; fileRef = 8B3EB8E2298A70080072257E /* FlappyBirdState.swift */; };
		8B472A5B2988D87600DC3D1D /* MainMenuScene.swift in Sources */ = {isa = PBXBuildFile; fileRef = 8B472A5A2988D87600DC3D1D /* MainMenuScene.swift */; };
		8B472A5E2988DE7100DC3D1D /* Localizable.strings in Resources */ = {isa = PBXBuildFile; fileRef = 8B472A602988DE7100DC3D1D /* Localizable.strings */; };
		8B472A6329890FE700DC3D1D /* FruitRedlineState.swift in Sources */ = {isa = PBXBuildFile; fileRef = 8B472A6229890FE700DC3D1D /* FruitRedlineState.swift */; };
		8BE0436D298659400028F593 /* Game_CollectionsApp.swift in Sources */ = {isa = PBXBuildFile; fileRef = 8BE0436C298659400028F593 /* Game_CollectionsApp.swift */; };
		8BE0436F298659400028F593 /* ContentView.swift in Sources */ = {isa = PBXBuildFile; fileRef = 8BE0436E298659400028F593 /* ContentView.swift */; };
		8BE04371298659410028F593 /* Assets.xcassets in Resources */ = {isa = PBXBuildFile; fileRef = 8BE04370298659410028F593 /* Assets.xcassets */; };
		8BE04374298659410028F593 /* Preview Assets.xcassets in Resources */ = {isa = PBXBuildFile; fileRef = 8BE04373298659410028F593 /* Preview Assets.xcassets */; };
		8BE0437C29865B620028F593 /* MixWatermelonScene.swift in Sources */ = {isa = PBXBuildFile; fileRef = 8BE0437B29865B620028F593 /* MixWatermelonScene.swift */; };
		8BE0437E29866BC60028F593 /* FruitTextures.swift in Sources */ = {isa = PBXBuildFile; fileRef = 8BE0437D29866BC60028F593 /* FruitTextures.swift */; };
		8BE04380298675850028F593 /* FruitUtils.swift in Sources */ = {isa = PBXBuildFile; fileRef = 8BE0437F298675850028F593 /* FruitUtils.swift */; };
		8BE0438229867AE40028F593 /* Sounds in Resources */ = {isa = PBXBuildFile; fileRef = 8BE0438129867AE40028F593 /* Sounds */; };
/* End PBXBuildFile section */

/* Begin PBXFileReference section */
		8B2825AF298782BA00A6FAEF /* CollisionDetect.swift */ = {isa = PBXFileReference; lastKnownFileType = sourcecode.swift; path = CollisionDetect.swift; sourceTree = "<group>"; };
		8B2825B22987C18700A6FAEF /* FruitState.swift */ = {isa = PBXFileReference; lastKnownFileType = sourcecode.swift; path = FruitState.swift; sourceTree = "<group>"; };
		8B3EB8DC298A642C0072257E /* FlappyBirdAssets.xcassets */ = {isa = PBXFileReference; lastKnownFileType = folder.assetcatalog; path = FlappyBirdAssets.xcassets; sourceTree = "<group>"; };
		8B3EB8DE298A66840072257E /* FlappyBirdScene.swift */ = {isa = PBXFileReference; lastKnownFileType = sourcecode.swift; path = FlappyBirdScene.swift; sourceTree = "<group>"; };
		8B3EB8E0298A66BA0072257E /* FlappyBirdScene.sks */ = {isa = PBXFileReference; lastKnownFileType = file.sks; path = FlappyBirdScene.sks; sourceTree = "<group>"; };
		8B3EB8E2298A70080072257E /* FlappyBirdState.swift */ = {isa = PBXFileReference; lastKnownFileType = sourcecode.swift; path = FlappyBirdState.swift; sourceTree = "<group>"; };
		8B472A5A2988D87600DC3D1D /* MainMenuScene.swift */ = {isa = PBXFileReference; lastKnownFileType = sourcecode.swift; path = MainMenuScene.swift; sourceTree = "<group>"; };
		8B472A5F2988DE7100DC3D1D /* en */ = {isa = PBXFileReference; lastKnownFileType = text.plist.strings; name = en; path = en.lproj/Localizable.strings; sourceTree = "<group>"; };
		8B472A612988DE7900DC3D1D /* zh-Hans */ = {isa = PBXFileReference; lastKnownFileType = text.plist.strings; name = "zh-Hans"; path = "zh-Hans.lproj/Localizable.strings"; sourceTree = "<group>"; };
		8B472A6229890FE700DC3D1D /* FruitRedlineState.swift */ = {isa = PBXFileReference; lastKnownFileType = sourcecode.swift; path = FruitRedlineState.swift; sourceTree = "<group>"; };
		8BE04369298659400028F593 /* Game Collections.app */ = {isa = PBXFileReference; explicitFileType = wrapper.application; includeInIndex = 0; path = "Game Collections.app"; sourceTree = BUILT_PRODUCTS_DIR; };
		8BE0436C298659400028F593 /* Game_CollectionsApp.swift */ = {isa = PBXFileReference; lastKnownFileType = sourcecode.swift; path = Game_CollectionsApp.swift; sourceTree = "<group>"; };
		8BE0436E298659400028F593 /* ContentView.swift */ = {isa = PBXFileReference; lastKnownFileType = sourcecode.swift; path = ContentView.swift; sourceTree = "<group>"; };
		8BE04370298659410028F593 /* Assets.xcassets */ = {isa = PBXFileReference; lastKnownFileType = folder.assetcatalog; path = Assets.xcassets; sourceTree = "<group>"; };
		8BE04373298659410028F593 /* Preview Assets.xcassets */ = {isa = PBXFileReference; lastKnownFileType = folder.assetcatalog; path = "Preview Assets.xcassets"; sourceTree = "<group>"; };
		8BE0437B29865B620028F593 /* MixWatermelonScene.swift */ = {isa = PBXFileReference; lastKnownFileType = sourcecode.swift; path = MixWatermelonScene.swift; sourceTree = "<group>"; };
		8BE0437D29866BC60028F593 /* FruitTextures.swift */ = {isa = PBXFileReference; lastKnownFileType = sourcecode.swift; path = FruitTextures.swift; sourceTree = "<group>"; };
		8BE0437F298675850028F593 /* FruitUtils.swift */ = {isa = PBXFileReference; lastKnownFileType = sourcecode.swift; path = FruitUtils.swift; sourceTree = "<group>"; };
		8BE0438129867AE40028F593 /* Sounds */ = {isa = PBXFileReference; lastKnownFileType = folder; path = Sounds; sourceTree = "<group>"; };
/* End PBXFileReference section */

/* Begin PBXFrameworksBuildPhase section */
		8BE04366298659400028F593 /* Frameworks */ = {
			isa = PBXFrameworksBuildPhase;
			buildActionMask = 2147483647;
			files = (
			);
			runOnlyForDeploymentPostprocessing = 0;
		};
/* End PBXFrameworksBuildPhase section */

/* Begin PBXGroup section */
		8B2825B12987BC3500A6FAEF /* main */ = {
			isa = PBXGroup;
			children = (
				8B472A5A2988D87600DC3D1D /* MainMenuScene.swift */,
			);
			path = main;
			sourceTree = "<group>";
		};
		8B3EB8DB298A62A60072257E /* Flappy-Bird */ = {
			isa = PBXGroup;
			children = (
				8B3EB8DC298A642C0072257E /* FlappyBirdAssets.xcassets */,
				8B3EB8E0298A66BA0072257E /* FlappyBirdScene.sks */,
				8B3EB8DE298A66840072257E /* FlappyBirdScene.swift */,
				8B3EB8E2298A70080072257E /* FlappyBirdState.swift */,
			);
			path = "Flappy-Bird";
			sourceTree = "<group>";
		};
		8BE04360298659400028F593 = {
			isa = PBXGroup;
			children = (
				8BE0436B298659400028F593 /* Game Collections */,
				8BE0436A298659400028F593 /* Products */,
			);
			sourceTree = "<group>";
		};
		8BE0436A298659400028F593 /* Products */ = {
			isa = PBXGroup;
			children = (
				8BE04369298659400028F593 /* Game Collections.app */,
			);
			name = Products;
			sourceTree = "<group>";
		};
		8BE0436B298659400028F593 /* Game Collections */ = {
			isa = PBXGroup;
			children = (
				8B3EB8DB298A62A60072257E /* Flappy-Bird */,
				8B2825B12987BC3500A6FAEF /* main */,
				8BE0437A29865AFD0028F593 /* Mix-Watermelon */,
				8BE0436C298659400028F593 /* Game_CollectionsApp.swift */,
				8BE0436E298659400028F593 /* ContentView.swift */,
				8BE04370298659410028F593 /* Assets.xcassets */,
				8BE04372298659410028F593 /* Preview Content */,
				8B472A602988DE7100DC3D1D /* Localizable.strings */,
			);
			path = "Game Collections";
			sourceTree = "<group>";
		};
		8BE04372298659410028F593 /* Preview Content */ = {
			isa = PBXGroup;
			children = (
				8BE04373298659410028F593 /* Preview Assets.xcassets */,
			);
			path = "Preview Content";
			sourceTree = "<group>";
		};
		8BE0437A29865AFD0028F593 /* Mix-Watermelon */ = {
			isa = PBXGroup;
			children = (
				8BE0438129867AE40028F593 /* Sounds */,
				8BE0437B29865B620028F593 /* MixWatermelonScene.swift */,
				8B472A6229890FE700DC3D1D /* FruitRedlineState.swift */,
				8B2825B22987C18700A6FAEF /* FruitState.swift */,
				8B2825AF298782BA00A6FAEF /* CollisionDetect.swift */,
				8BE0437D29866BC60028F593 /* FruitTextures.swift */,
				8BE0437F298675850028F593 /* FruitUtils.swift */,
			);
			path = "Mix-Watermelon";
			sourceTree = "<group>";
		};
/* End PBXGroup section */

/* Begin PBXNativeTarget section */
		8BE04368298659400028F593 /* Game Collections */ = {
			isa = PBXNativeTarget;
			buildConfigurationList = 8BE04377298659410028F593 /* Build configuration list for PBXNativeTarget "Game Collections" */;
			buildPhases = (
				8BE04365298659400028F593 /* Sources */,
				8BE04366298659400028F593 /* Frameworks */,
				8BE04367298659400028F593 /* Resources */,
			);
			buildRules = (
			);
			dependencies = (
			);
			name = "Game Collections";
			productName = "Game Collections";
			productReference = 8BE04369298659400028F593 /* Game Collections.app */;
			productType = "com.apple.product-type.application";
		};
/* End PBXNativeTarget section */

/* Begin PBXProject section */
		8BE04361298659400028F593 /* Project object */ = {
			isa = PBXProject;
			attributes = {
				BuildIndependentTargetsInParallel = 1;
				LastSwiftUpdateCheck = 1420;
				LastUpgradeCheck = 1420;
				TargetAttributes = {
					8BE04368298659400028F593 = {
						CreatedOnToolsVersion = 14.2;
					};
				};
			};
			buildConfigurationList = 8BE04364298659400028F593 /* Build configuration list for PBXProject "Game Collections" */;
			compatibilityVersion = "Xcode 14.0";
			developmentRegion = en;
			hasScannedForEncodings = 0;
			knownRegions = (
				en,
				Base,
				"zh-Hans",
			);
			mainGroup = 8BE04360298659400028F593;
			productRefGroup = 8BE0436A298659400028F593 /* Products */;
			projectDirPath = "";
			projectRoot = "";
			targets = (
				8BE04368298659400028F593 /* Game Collections */,
			);
		};
/* End PBXProject section */

/* Begin PBXResourcesBuildPhase section */
		8BE04367298659400028F593 /* Resources */ = {
			isa = PBXResourcesBuildPhase;
			buildActionMask = 2147483647;
			files = (
				8BE0438229867AE40028F593 /* Sounds in Resources */,
				8B3EB8E1298A66BA0072257E /* FlappyBirdScene.sks in Resources */,
				8B472A5E2988DE7100DC3D1D /* Localizable.strings in Resources */,
				8BE04374298659410028F593 /* Preview Assets.xcassets in Resources */,
				8BE04371298659410028F593 /* Assets.xcassets in Resources */,
				8B3EB8DD298A642C0072257E /* FlappyBirdAssets.xcassets in Resources */,
			);
			runOnlyForDeploymentPostprocessing = 0;
		};
/* End PBXResourcesBuildPhase section */

/* Begin PBXSourcesBuildPhase section */
		8BE04365298659400028F593 /* Sources */ = {
			isa = PBXSourcesBuildPhase;
			buildActionMask = 2147483647;
			files = (
				8BE0437E29866BC60028F593 /* FruitTextures.swift in Sources */,
				8B3EB8DF298A66840072257E /* FlappyBirdScene.swift in Sources */,
				8BE0436F298659400028F593 /* ContentView.swift in Sources */,
				8B3EB8E3298A70080072257E /* FlappyBirdState.swift in Sources */,
				8BE0436D298659400028F593 /* Game_CollectionsApp.swift in Sources */,
				8BE0437C29865B620028F593 /* MixWatermelonScene.swift in Sources */,
				8BE04380298675850028F593 /* FruitUtils.swift in Sources */,
				8B2825B0298782BA00A6FAEF /* CollisionDetect.swift in Sources */,
				8B472A6329890FE700DC3D1D /* FruitRedlineState.swift in Sources */,
				8B472A5B2988D87600DC3D1D /* MainMenuScene.swift in Sources */,
				8B2825B32987C18700A6FAEF /* FruitState.swift in Sources */,
			);
			runOnlyForDeploymentPostprocessing = 0;
		};
/* End PBXSourcesBuildPhase section */

/* Begin PBXVariantGroup section */
		8B472A602988DE7100DC3D1D /* Localizable.strings */ = {
			isa = PBXVariantGroup;
			children = (
				8B472A5F2988DE7100DC3D1D /* en */,
				8B472A612988DE7900DC3D1D /* zh-Hans */,
			);
			name = Localizable.strings;
			sourceTree = "<group>";
		};
/* End PBXVariantGroup section */

/* Begin XCBuildConfiguration section */
		8BE04375298659410028F593 /* Debug */ = {
			isa = XCBuildConfiguration;
			buildSettings = {
				ALWAYS_SEARCH_USER_PATHS = NO;
				CLANG_ANALYZER_NONNULL = YES;
				CLANG_ANALYZER_NUMBER_OBJECT_CONVERSION = YES_AGGRESSIVE;
				CLANG_CXX_LANGUAGE_STANDARD = "gnu++20";
				CLANG_ENABLE_MODULES = YES;
				CLANG_ENABLE_OBJC_ARC = YES;
				CLANG_ENABLE_OBJC_WEAK = YES;
				CLANG_WARN_BLOCK_CAPTURE_AUTORELEASING = YES;
				CLANG_WARN_BOOL_CONVERSION = YES;
				CLANG_WARN_COMMA = YES;
				CLANG_WARN_CONSTANT_CONVERSION = YES;
				CLANG_WARN_DEPRECATED_OBJC_IMPLEMENTATIONS = YES;
				CLANG_WARN_DIRECT_OBJC_ISA_USAGE = YES_ERROR;
				CLANG_WARN_DOCUMENTATION_COMMENTS = YES;
				CLANG_WARN_EMPTY_BODY = YES;
				CLANG_WARN_ENUM_CONVERSION = YES;
				CLANG_WARN_INFINITE_RECURSION = YES;
				CLANG_WARN_INT_CONVERSION = YES;
				CLANG_WARN_NON_LITERAL_NULL_CONVERSION = YES;
				CLANG_WARN_OBJC_IMPLICIT_RETAIN_SELF = YES;
				CLANG_WARN_OBJC_LITERAL_CONVERSION = YES;
				CLANG_WARN_OBJC_ROOT_CLASS = YES_ERROR;
				CLANG_WARN_QUOTED_INCLUDE_IN_FRAMEWORK_HEADER = YES;
				CLANG_WARN_RANGE_LOOP_ANALYSIS = YES;
				CLANG_WARN_STRICT_PROTOTYPES = YES;
				CLANG_WARN_SUSPICIOUS_MOVE = YES;
				CLANG_WARN_UNGUARDED_AVAILABILITY = YES_AGGRESSIVE;
				CLANG_WARN_UNREACHABLE_CODE = YES;
				CLANG_WARN__DUPLICATE_METHOD_MATCH = YES;
				COPY_PHASE_STRIP = NO;
				DEBUG_INFORMATION_FORMAT = dwarf;
				ENABLE_STRICT_OBJC_MSGSEND = YES;
				ENABLE_TESTABILITY = YES;
				GCC_C_LANGUAGE_STANDARD = gnu11;
				GCC_DYNAMIC_NO_PIC = NO;
				GCC_NO_COMMON_BLOCKS = YES;
				GCC_OPTIMIZATION_LEVEL = 0;
				GCC_PREPROCESSOR_DEFINITIONS = (
					"DEBUG=1",
					"$(inherited)",
				);
				GCC_WARN_64_TO_32_BIT_CONVERSION = YES;
				GCC_WARN_ABOUT_RETURN_TYPE = YES_ERROR;
				GCC_WARN_UNDECLARED_SELECTOR = YES;
				GCC_WARN_UNINITIALIZED_AUTOS = YES_AGGRESSIVE;
				GCC_WARN_UNUSED_FUNCTION = YES;
				GCC_WARN_UNUSED_VARIABLE = YES;
				IPHONEOS_DEPLOYMENT_TARGET = 16.2;
				MTL_ENABLE_DEBUG_INFO = INCLUDE_SOURCE;
				MTL_FAST_MATH = YES;
				ONLY_ACTIVE_ARCH = YES;
				SDKROOT = iphoneos;
				SWIFT_ACTIVE_COMPILATION_CONDITIONS = DEBUG;
				SWIFT_OPTIMIZATION_LEVEL = "-Onone";
			};
			name = Debug;
		};
		8BE04376298659410028F593 /* Release */ = {
			isa = XCBuildConfiguration;
			buildSettings = {
				ALWAYS_SEARCH_USER_PATHS = NO;
				CLANG_ANALYZER_NONNULL = YES;
				CLANG_ANALYZER_NUMBER_OBJECT_CONVERSION = YES_AGGRESSIVE;
				CLANG_CXX_LANGUAGE_STANDARD = "gnu++20";
				CLANG_ENABLE_MODULES = YES;
				CLANG_ENABLE_OBJC_ARC = YES;
				CLANG_ENABLE_OBJC_WEAK = YES;
				CLANG_WARN_BLOCK_CAPTURE_AUTORELEASING = YES;
				CLANG_WARN_BOOL_CONVERSION = YES;
				CLANG_WARN_COMMA = YES;
				CLANG_WARN_CONSTANT_CONVERSION = YES;
				CLANG_WARN_DEPRECATED_OBJC_IMPLEMENTATIONS = YES;
				CLANG_WARN_DIRECT_OBJC_ISA_USAGE = YES_ERROR;
				CLANG_WARN_DOCUMENTATION_COMMENTS = YES;
				CLANG_WARN_EMPTY_BODY = YES;
				CLANG_WARN_ENUM_CONVERSION = YES;
				CLANG_WARN_INFINITE_RECURSION = YES;
				CLANG_WARN_INT_CONVERSION = YES;
				CLANG_WARN_NON_LITERAL_NULL_CONVERSION = YES;
				CLANG_WARN_OBJC_IMPLICIT_RETAIN_SELF = YES;
				CLANG_WARN_OBJC_LITERAL_CONVERSION = YES;
				CLANG_WARN_OBJC_ROOT_CLASS = YES_ERROR;
				CLANG_WARN_QUOTED_INCLUDE_IN_FRAMEWORK_HEADER = YES;
				CLANG_WARN_RANGE_LOOP_ANALYSIS = YES;
				CLANG_WARN_STRICT_PROTOTYPES = YES;
				CLANG_WARN_SUSPICIOUS_MOVE = YES;
				CLANG_WARN_UNGUARDED_AVAILABILITY = YES_AGGRESSIVE;
				CLANG_WARN_UNREACHABLE_CODE = YES;
				CLANG_WARN__DUPLICATE_METHOD_MATCH = YES;
				COPY_PHASE_STRIP = NO;
				DEBUG_INFORMATION_FORMAT = "dwarf-with-dsym";
				ENABLE_NS_ASSERTIONS = NO;
				ENABLE_STRICT_OBJC_MSGSEND = YES;
				GCC_C_LANGUAGE_STANDARD = gnu11;
				GCC_NO_COMMON_BLOCKS = YES;
				GCC_WARN_64_TO_32_BIT_CONVERSION = YES;
				GCC_WARN_ABOUT_RETURN_TYPE = YES_ERROR;
				GCC_WARN_UNDECLARED_SELECTOR = YES;
				GCC_WARN_UNINITIALIZED_AUTOS = YES_AGGRESSIVE;
				GCC_WARN_UNUSED_FUNCTION = YES;
				GCC_WARN_UNUSED_VARIABLE = YES;
				IPHONEOS_DEPLOYMENT_TARGET = 16.2;
				MTL_ENABLE_DEBUG_INFO = NO;
				MTL_FAST_MATH = YES;
				SDKROOT = iphoneos;
				SWIFT_COMPILATION_MODE = wholemodule;
				SWIFT_OPTIMIZATION_LEVEL = "-O";
				VALIDATE_PRODUCT = YES;
			};
			name = Release;
		};
		8BE04378298659410028F593 /* Debug */ = {
			isa = XCBuildConfiguration;
			buildSettings = {
				ASSETCATALOG_COMPILER_APPICON_NAME = AppIcon;
				ASSETCATALOG_COMPILER_GLOBAL_ACCENT_COLOR_NAME = AccentColor;
				CODE_SIGN_STYLE = Automatic;
				CURRENT_PROJECT_VERSION = 1;
				DEVELOPMENT_ASSET_PATHS = "\"Game Collections/Preview Content\"";
				DEVELOPMENT_TEAM = CVJ82G4K8L;
				ENABLE_PREVIEWS = YES;
				GENERATE_INFOPLIST_FILE = YES;
				INFOPLIST_KEY_UIApplicationSceneManifest_Generation = YES;
				INFOPLIST_KEY_UIApplicationSupportsIndirectInputEvents = YES;
				INFOPLIST_KEY_UILaunchScreen_Generation = YES;
				INFOPLIST_KEY_UISupportedInterfaceOrientations_iPad = "UIInterfaceOrientationPortrait UIInterfaceOrientationPortraitUpsideDown UIInterfaceOrientationLandscapeLeft UIInterfaceOrientationLandscapeRight";
				INFOPLIST_KEY_UISupportedInterfaceOrientations_iPhone = "UIInterfaceOrientationPortrait UIInterfaceOrientationLandscapeLeft UIInterfaceOrientationLandscapeRight";
				LD_RUNPATH_SEARCH_PATHS = (
					"$(inherited)",
					"@executable_path/Frameworks",
				);
				MARKETING_VERSION = 1.0;
				PRODUCT_BUNDLE_IDENTIFIER = "cn.huangjinxian.Game-Collections";
				PRODUCT_NAME = "$(TARGET_NAME)";
				SWIFT_EMIT_LOC_STRINGS = YES;
				SWIFT_VERSION = 5.0;
				TARGETED_DEVICE_FAMILY = "1,2";
			};
			name = Debug;
		};
		8BE04379298659410028F593 /* Release */ = {
			isa = XCBuildConfiguration;
			buildSettings = {
				ASSETCATALOG_COMPILER_APPICON_NAME = AppIcon;
				ASSETCATALOG_COMPILER_GLOBAL_ACCENT_COLOR_NAME = AccentColor;
				CODE_SIGN_STYLE = Automatic;
				CURRENT_PROJECT_VERSION = 1;
				DEVELOPMENT_ASSET_PATHS = "\"Game Collections/Preview Content\"";
				DEVELOPMENT_TEAM = CVJ82G4K8L;
				ENABLE_PREVIEWS = YES;
				GENERATE_INFOPLIST_FILE = YES;
				INFOPLIST_KEY_UIApplicationSceneManifest_Generation = YES;
				INFOPLIST_KEY_UIApplicationSupportsIndirectInputEvents = YES;
				INFOPLIST_KEY_UILaunchScreen_Generation = YES;
				INFOPLIST_KEY_UISupportedInterfaceOrientations_iPad = "UIInterfaceOrientationPortrait UIInterfaceOrientationPortraitUpsideDown UIInterfaceOrientationLandscapeLeft UIInterfaceOrientationLandscapeRight";
				INFOPLIST_KEY_UISupportedInterfaceOrientations_iPhone = "UIInterfaceOrientationPortrait UIInterfaceOrientationLandscapeLeft UIInterfaceOrientationLandscapeRight";
				LD_RUNPATH_SEARCH_PATHS = (
					"$(inherited)",
					"@executable_path/Frameworks",
				);
				MARKETING_VERSION = 1.0;
				PRODUCT_BUNDLE_IDENTIFIER = "cn.huangjinxian.Game-Collections";
				PRODUCT_NAME = "$(TARGET_NAME)";
				SWIFT_EMIT_LOC_STRINGS = YES;
				SWIFT_VERSION = 5.0;
				TARGETED_DEVICE_FAMILY = "1,2";
			};
			name = Release;
		};
/* End XCBuildConfiguration section */

/* Begin XCConfigurationList section */
		8BE04364298659400028F593 /* Build configuration list for PBXProject "Game Collections" */ = {
			isa = XCConfigurationList;
			buildConfigurations = (
				8BE04375298659410028F593 /* Debug */,
				8BE04376298659410028F593 /* Release */,
			);
			defaultConfigurationIsVisible = 0;
			defaultConfigurationName = Release;
		};
		8BE04377298659410028F593 /* Build configuration list for PBXNativeTarget "Game Collections" */ = {
			isa = XCConfigurationList;
			buildConfigurations = (
				8BE04378298659410028F593 /* Debug */,
				8BE04379298659410028F593 /* Release */,
			);
			defaultConfigurationIsVisible = 0;
			defaultConfigurationName = Release;
		};
/* End XCConfigurationList section */
	};
	rootObject = 8BE04361298659400028F593 /* Project object */;
}
